
Microsoft Visual Studio Solution File, Format Version 12.00
# Visual Studio Version 17
VisualStudioVersion = 17.4.33205.214
MinimumVisualStudioVersion = 10.0.40219.1
Project("{FAE04EC0-301F-11D3-BF4B-00C04F79EFBC}") = "FileType Ex2 Page 17", "FileType Ex2 Page 17\FileType Ex2 Page 17.csproj", "{87F70865-B378-472D-A64F-EBD843D51C25}"
EndProject
Global
	GlobalSection(SolutionConfigurationPlatforms) = preSolution
		Debug|Any CPU = Debug|Any CPU
		Release|Any CPU = Release|Any CPU
	EndGlobalSection
	GlobalSection(ProjectConfigurationPlatforms) = postSolution
		{87F70865-B378-472D-A64F-EBD843D51C25}.Debug|Any CPU.ActiveCfg = Debug|Any CPU
		{87F70865-B378-472D-A64F-EBD843D51C25}.Debug|Any CPU.Build.0 = Debug|Any CPU
		{87F70865-B378-472D-A64F-EBD843D51C25}.Release|Any CPU.ActiveCfg = Release|Any CPU
		{87F70865-B378-472D-A64F-EBD843D51C25}.Release|Any CPU.Build.0 = Release|Any CPU
	EndGlobalSection
	GlobalSection(SolutionProperties) = preSolution
		HideSolutionNode = FALSE
	EndGlobalSection
	GlobalSection(ExtensibilityGlobals) = postSolution
		SolutionGuid = {CD7621A5-9115-4EB9-8281-E465AB94E068}
	EndGlobalSection
EndGlobal
